
Microsoft Visual Studio Solution File, Format Version 12.00
# Visual Studio Version 17
VisualStudioVersion = 17.11.35219.272
MinimumVisualStudioVersion = 10.0.40219.1
Project("{FAE04EC0-301F-11D3-BF4B-00C04F79EFBC}") = "MeuSiteMVC", "MeuSiteMVC\MeuSiteMVC.csproj", "{FD66F5BB-938D-4BED-84C9-F83EC29761B0}"
EndProject
Global
	GlobalSection(SolutionConfigurationPlatforms) = preSolution
		Debug|Any CPU = Debug|Any CPU
		Release|Any CPU = Release|Any CPU
	EndGlobalSection
	GlobalSection(ProjectConfigurationPlatforms) = postSolution
		{FD66F5BB-938D-4BED-84C9-F83EC29761B0}.Debug|Any CPU.ActiveCfg = Debug|Any CPU
		{FD66F5BB-938D-4BED-84C9-F83EC29761B0}.Debug|Any CPU.Build.0 = Debug|Any CPU
		{FD66F5BB-938D-4BED-84C9-F83EC29761B0}.Release|Any CPU.ActiveCfg = Release|Any CPU
		{FD66F5BB-938D-4BED-84C9-F83EC29761B0}.Release|Any CPU.Build.0 = Release|Any CPU
	EndGlobalSection
	GlobalSection(SolutionProperties) = preSolution
		HideSolutionNode = FALSE
	EndGlobalSection
	GlobalSection(ExtensibilityGlobals) = postSolution
		SolutionGuid = {E2E10625-21FA-4E55-904E-19BF313F4C80}
	EndGlobalSection
EndGlobal
